
Microsoft Visual Studio Solution File, Format Version 12.00
# Visual Studio 14
VisualStudioVersion = 14.0.22823.1
MinimumVisualStudioVersion = 10.0.40219.1
Project("{FAE04EC0-301F-11D3-BF4B-00C04F79EFBC}") = "EsentManagementStudio", "EsentManagementStudio\EsentManagementStudio.csproj", "{F5793B1E-80DD-495E-9AD6-944C8A40F192}"
EndProject
Global
	GlobalSection(SolutionConfigurationPlatforms) = preSolution
		Debug|Any CPU = Debug|Any CPU
		Release|Any CPU = Release|Any CPU
	EndGlobalSection
	GlobalSection(ProjectConfigurationPlatforms) = postSolution
		{9F245E4E-E632-4C69-9231-2388B35AB820}.Debug|Any CPU.ActiveCfg = Debug|Any CPU
		{9F245E4E-E632-4C69-9231-2388B35AB820}.Debug|Any CPU.Build.0 = Debug|Any CPU
		{9F245E4E-E632-4C69-9231-2388B35AB820}.Release|Any CPU.ActiveCfg = Release|Any CPU
		{9F245E4E-E632-4C69-9231-2388B35AB820}.Release|Any CPU.Build.0 = Release|Any CPU
		{F5793B1E-80DD-495E-9AD6-944C8A40F192}.Debug|Any CPU.ActiveCfg = Debug|Any CPU
		{F5793B1E-80DD-495E-9AD6-944C8A40F192}.Debug|Any CPU.Build.0 = Debug|Any CPU
		{F5793B1E-80DD-495E-9AD6-944C8A40F192}.Release|Any CPU.ActiveCfg = Release|Any CPU
		{F5793B1E-80DD-495E-9AD6-944C8A40F192}.Release|Any CPU.Build.0 = Release|Any CPU
	EndGlobalSection
	GlobalSection(SolutionProperties) = preSolution
		HideSolutionNode = FALSE
	EndGlobalSection
EndGlobal
